
Microsoft Visual Studio Solution File, Format Version 12.00
# Visual Studio Version 16
VisualStudioVersion = 16.0.31624.102
MinimumVisualStudioVersion = 10.0.40219.1
Project("{FAE04EC0-301F-11D3-BF4B-00C04F79EFBC}") = "Notas e Moedas", "Notas e Moedas.csproj", "{C7803D28-271A-4AD9-BD91-DC66EF94CB7C}"
EndProject
Global
	GlobalSection(SolutionConfigurationPlatforms) = preSolution
		Debug|Any CPU = Debug|Any CPU
		Release|Any CPU = Release|Any CPU
	EndGlobalSection
	GlobalSection(ProjectConfigurationPlatforms) = postSolution
		{C7803D28-271A-4AD9-BD91-DC66EF94CB7C}.Debug|Any CPU.ActiveCfg = Debug|Any CPU
		{C7803D28-271A-4AD9-BD91-DC66EF94CB7C}.Debug|Any CPU.Build.0 = Debug|Any CPU
		{C7803D28-271A-4AD9-BD91-DC66EF94CB7C}.Release|Any CPU.ActiveCfg = Release|Any CPU
		{C7803D28-271A-4AD9-BD91-DC66EF94CB7C}.Release|Any CPU.Build.0 = Release|Any CPU
	EndGlobalSection
	GlobalSection(SolutionProperties) = preSolution
		HideSolutionNode = FALSE
	EndGlobalSection
	GlobalSection(ExtensibilityGlobals) = postSolution
		SolutionGuid = {B73CF52E-BB02-459E-A884-5F49939776D1}
	EndGlobalSection
EndGlobal
