
Microsoft Visual Studio Solution File, Format Version 12.00
# Visual Studio Version 16
VisualStudioVersion = 16.0.31624.102
MinimumVisualStudioVersion = 10.0.40219.1
Project("{FAE04EC0-301F-11D3-BF4B-00C04F79EFBC}") = "Tipos de Triângulos", "Tipos de Triângulos.csproj", "{3273B57F-D33D-45CE-AA71-819067C4C8EC}"
EndProject
Global
	GlobalSection(SolutionConfigurationPlatforms) = preSolution
		Debug|Any CPU = Debug|Any CPU
		Release|Any CPU = Release|Any CPU
	EndGlobalSection
	GlobalSection(ProjectConfigurationPlatforms) = postSolution
		{3273B57F-D33D-45CE-AA71-819067C4C8EC}.Debug|Any CPU.ActiveCfg = Debug|Any CPU
		{3273B57F-D33D-45CE-AA71-819067C4C8EC}.Debug|Any CPU.Build.0 = Debug|Any CPU
		{3273B57F-D33D-45CE-AA71-819067C4C8EC}.Release|Any CPU.ActiveCfg = Release|Any CPU
		{3273B57F-D33D-45CE-AA71-819067C4C8EC}.Release|Any CPU.Build.0 = Release|Any CPU
	EndGlobalSection
	GlobalSection(SolutionProperties) = preSolution
		HideSolutionNode = FALSE
	EndGlobalSection
	GlobalSection(ExtensibilityGlobals) = postSolution
		SolutionGuid = {28AFEDC5-6AEB-4964-9B66-FEE155A7C1D1}
	EndGlobalSection
EndGlobal
