
Microsoft Visual Studio Solution File, Format Version 12.00
# Visual Studio Version 16
VisualStudioVersion = 16.0.31702.278
MinimumVisualStudioVersion = 10.0.40219.1
Project("{FAE04EC0-301F-11D3-BF4B-00C04F79EFBC}") = "Preenchimento de Vetor I", "Preenchimento de Vetor I.csproj", "{AE38F5EB-6461-4EEA-9424-6666D11EBAC4}"
EndProject
Global
	GlobalSection(SolutionConfigurationPlatforms) = preSolution
		Debug|Any CPU = Debug|Any CPU
		Release|Any CPU = Release|Any CPU
	EndGlobalSection
	GlobalSection(ProjectConfigurationPlatforms) = postSolution
		{AE38F5EB-6461-4EEA-9424-6666D11EBAC4}.Debug|Any CPU.ActiveCfg = Debug|Any CPU
		{AE38F5EB-6461-4EEA-9424-6666D11EBAC4}.Debug|Any CPU.Build.0 = Debug|Any CPU
		{AE38F5EB-6461-4EEA-9424-6666D11EBAC4}.Release|Any CPU.ActiveCfg = Release|Any CPU
		{AE38F5EB-6461-4EEA-9424-6666D11EBAC4}.Release|Any CPU.Build.0 = Release|Any CPU
	EndGlobalSection
	GlobalSection(SolutionProperties) = preSolution
		HideSolutionNode = FALSE
	EndGlobalSection
	GlobalSection(ExtensibilityGlobals) = postSolution
		SolutionGuid = {19CB062E-3E23-402E-B43B-C46D3920CDA9}
	EndGlobalSection
EndGlobal
