
Microsoft Visual Studio Solution File, Format Version 12.00
# Visual Studio Version 16
VisualStudioVersion = 16.0.31624.102
MinimumVisualStudioVersion = 10.0.40219.1
Project("{FAE04EC0-301F-11D3-BF4B-00C04F79EFBC}") = "O Maior", "O Maior.csproj", "{6FA83B72-2463-4962-80AD-C903978973F8}"
EndProject
Global
	GlobalSection(SolutionConfigurationPlatforms) = preSolution
		Debug|Any CPU = Debug|Any CPU
		Release|Any CPU = Release|Any CPU
	EndGlobalSection
	GlobalSection(ProjectConfigurationPlatforms) = postSolution
		{6FA83B72-2463-4962-80AD-C903978973F8}.Debug|Any CPU.ActiveCfg = Debug|Any CPU
		{6FA83B72-2463-4962-80AD-C903978973F8}.Debug|Any CPU.Build.0 = Debug|Any CPU
		{6FA83B72-2463-4962-80AD-C903978973F8}.Release|Any CPU.ActiveCfg = Release|Any CPU
		{6FA83B72-2463-4962-80AD-C903978973F8}.Release|Any CPU.Build.0 = Release|Any CPU
	EndGlobalSection
	GlobalSection(SolutionProperties) = preSolution
		HideSolutionNode = FALSE
	EndGlobalSection
	GlobalSection(ExtensibilityGlobals) = postSolution
		SolutionGuid = {379E560F-479C-4C82-9D55-3778BCD55DD7}
	EndGlobalSection
EndGlobal
