
Microsoft Visual Studio Solution File, Format Version 12.00
# Visual Studio Version 16
VisualStudioVersion = 16.0.31605.320
MinimumVisualStudioVersion = 10.0.40219.1
Project("{FAE04EC0-301F-11D3-BF4B-00C04F79EFBC}") = "cursos.api", "cursos.api\cursos.api.csproj", "{8CB5A69B-2478-4978-A6AA-8C78E08CC2C9}"
EndProject
Global
	GlobalSection(SolutionConfigurationPlatforms) = preSolution
		Debug|Any CPU = Debug|Any CPU
		Release|Any CPU = Release|Any CPU
	EndGlobalSection
	GlobalSection(ProjectConfigurationPlatforms) = postSolution
		{8CB5A69B-2478-4978-A6AA-8C78E08CC2C9}.Debug|Any CPU.ActiveCfg = Debug|Any CPU
		{8CB5A69B-2478-4978-A6AA-8C78E08CC2C9}.Debug|Any CPU.Build.0 = Debug|Any CPU
		{8CB5A69B-2478-4978-A6AA-8C78E08CC2C9}.Release|Any CPU.ActiveCfg = Release|Any CPU
		{8CB5A69B-2478-4978-A6AA-8C78E08CC2C9}.Release|Any CPU.Build.0 = Release|Any CPU
	EndGlobalSection
	GlobalSection(SolutionProperties) = preSolution
		HideSolutionNode = FALSE
	EndGlobalSection
	GlobalSection(ExtensibilityGlobals) = postSolution
		SolutionGuid = {D37F883E-08FE-4C06-AA6B-0BE82B9CC4F4}
	EndGlobalSection
EndGlobal
