
Microsoft Visual Studio Solution File, Format Version 12.00
# Visual Studio Version 16
VisualStudioVersion = 16.0.31624.102
MinimumVisualStudioVersion = 10.0.40219.1
Project("{FAE04EC0-301F-11D3-BF4B-00C04F79EFBC}") = "Coordenadas de um Ponto", "Coordenadas de um Ponto.csproj", "{682D26F4-DBDD-43A1-8E3C-65A713305653}"
EndProject
Global
	GlobalSection(SolutionConfigurationPlatforms) = preSolution
		Debug|Any CPU = Debug|Any CPU
		Release|Any CPU = Release|Any CPU
	EndGlobalSection
	GlobalSection(ProjectConfigurationPlatforms) = postSolution
		{682D26F4-DBDD-43A1-8E3C-65A713305653}.Debug|Any CPU.ActiveCfg = Debug|Any CPU
		{682D26F4-DBDD-43A1-8E3C-65A713305653}.Debug|Any CPU.Build.0 = Debug|Any CPU
		{682D26F4-DBDD-43A1-8E3C-65A713305653}.Release|Any CPU.ActiveCfg = Release|Any CPU
		{682D26F4-DBDD-43A1-8E3C-65A713305653}.Release|Any CPU.Build.0 = Release|Any CPU
	EndGlobalSection
	GlobalSection(SolutionProperties) = preSolution
		HideSolutionNode = FALSE
	EndGlobalSection
	GlobalSection(ExtensibilityGlobals) = postSolution
		SolutionGuid = {8CD9C20A-A033-467B-8BFE-02C4238B4E2B}
	EndGlobalSection
EndGlobal
